
Microsoft Visual Studio Solution File, Format Version 12.00
# Visual Studio Version 16
VisualStudioVersion = 16.0.30611.23
MinimumVisualStudioVersion = 10.0.40219.1
Project("{FAE04EC0-301F-11D3-BF4B-00C04F79EFBC}") = "UserAddressBook", "UserAddressBook.csproj", "{0E1331CD-497B-44AD-8751-FE674B4EC0D8}"
EndProject
Global
	GlobalSection(SolutionConfigurationPlatforms) = preSolution
		Debug|Any CPU = Debug|Any CPU
		Release|Any CPU = Release|Any CPU
	EndGlobalSection
	GlobalSection(ProjectConfigurationPlatforms) = postSolution
		{0E1331CD-497B-44AD-8751-FE674B4EC0D8}.Debug|Any CPU.ActiveCfg = Debug|Any CPU
		{0E1331CD-497B-44AD-8751-FE674B4EC0D8}.Debug|Any CPU.Build.0 = Debug|Any CPU
		{0E1331CD-497B-44AD-8751-FE674B4EC0D8}.Release|Any CPU.ActiveCfg = Release|Any CPU
		{0E1331CD-497B-44AD-8751-FE674B4EC0D8}.Release|Any CPU.Build.0 = Release|Any CPU
	EndGlobalSection
	GlobalSection(SolutionProperties) = preSolution
		HideSolutionNode = FALSE
	EndGlobalSection
	GlobalSection(ExtensibilityGlobals) = postSolution
		SolutionGuid = {F426BEC8-9E21-4BCD-86B4-7D8387EFEF43}
	EndGlobalSection
EndGlobal
